// !$*UTF8*$!
{
	archiveVersion = 1;
	classes = {
	};
	objectVersion = 46;
	objects = {

/* Begin PBXBuildFile section */
		25097C1A1CB79CF000F7FAF4 /* main.m in Sources */ = {isa = PBXBuildFile; fileRef = 25097C191CB79CF000F7FAF4 /* main.m */; };
		25097C1D1CB79CF000F7FAF4 /* AppDelegate.m in Sources */ = {isa = PBXBuildFile; fileRef = 25097C1C1CB79CF000F7FAF4 /* AppDelegate.m */; };
		25097C201CB79CF000F7FAF4 /* ViewController.m in Sources */ = {isa = PBXBuildFile; fileRef = 25097C1F1CB79CF000F7FAF4 /* ViewController.m */; };
		25097C231CB79CF000F7FAF4 /* Main.storyboard in Resources */ = {isa = PBXBuildFile; fileRef = 25097C211CB79CF000F7FAF4 /* Main.storyboard */; };
		25097C251CB79CF000F7FAF4 /* Assets.xcassets in Resources */ = {isa = PBXBuildFile; fileRef = 25097C241CB79CF000F7FAF4 /* Assets.xcassets */; };
		25097C281CB79CF000F7FAF4 /* LaunchScreen.storyboard in Resources */ = {isa = PBXBuildFile; fileRef = 25097C261CB79CF000F7FAF4 /* LaunchScreen.storyboard */; };
		25097C331CB79CF000F7FAF4 /* HZProgressTests.m in Sources */ = {isa = PBXBuildFile; fileRef = 25097C321CB79CF000F7FAF4 /* HZProgressTests.m */; };
		25097C3E1CB79CF000F7FAF4 /* HZProgressUITests.m in Sources */ = {isa = PBXBuildFile; fileRef = 25097C3D1CB79CF000F7FAF4 /* HZProgressUITests.m */; };
		25097C511CB79D7300F7FAF4 /* MainViewController.m in Sources */ = {isa = PBXBuildFile; fileRef = 25097C501CB79D7300F7FAF4 /* MainViewController.m */; };
		25097C751CB7A5C000F7FAF4 /* UIView+Additions.m in Sources */ = {isa = PBXBuildFile; fileRef = 25097C721CB7A5C000F7FAF4 /* UIView+Additions.m */; };
		25097C761CB7A5C000F7FAF4 /* UIView+UIViewUtils.m in Sources */ = {isa = PBXBuildFile; fileRef = 25097C731CB7A5C000F7FAF4 /* UIView+UIViewUtils.m */; };
		25097C7F1CB7AD9200F7FAF4 /* ConfigManager.m in Sources */ = {isa = PBXBuildFile; fileRef = 25097C7C1CB7AD9200F7FAF4 /* ConfigManager.m */; };
		25097C801CB7AD9200F7FAF4 /* HZHttpHelper.m in Sources */ = {isa = PBXBuildFile; fileRef = 25097C7E1CB7AD9200F7FAF4 /* HZHttpHelper.m */; };
		25097C821CB7B41700F7FAF4 /* MBProgressHUD.bundle in Resources */ = {isa = PBXBuildFile; fileRef = 25097C811CB7B41700F7FAF4 /* MBProgressHUD.bundle */; };
		F548FA18F978C2EF7310613F /* libPods.a in Frameworks */ = {isa = PBXBuildFile; fileRef = DE401C92CD8CA076CBC53592 /* libPods.a */; };
/* End PBXBuildFile section */

/* Begin PBXContainerItemProxy section */
		25097C2F1CB79CF000F7FAF4 /* PBXContainerItemProxy */ = {
			isa = PBXContainerItemProxy;
			containerPortal = 25097C0D1CB79CF000F7FAF4 /* Project object */;
			proxyType = 1;
			remoteGlobalIDString = 25097C141CB79CF000F7FAF4;
			remoteInfo = HZProgress;
		};
		25097C3A1CB79CF000F7FAF4 /* PBXContainerItemProxy */ = {
			isa = PBXContainerItemProxy;
			containerPortal = 25097C0D1CB79CF000F7FAF4 /* Project object */;
			proxyType = 1;
			remoteGlobalIDString = 25097C141CB79CF000F7FAF4;
			remoteInfo = HZProgress;
		};
/* End PBXContainerItemProxy section */

/* Begin PBXFileReference section */
		25097C151CB79CF000F7FAF4 /* HZProgress.app */ = {isa = PBXFileReference; explicitFileType = wrapper.application; includeInIndex = 0; path = HZProgress.app; sourceTree = BUILT_PRODUCTS_DIR; };
		25097C191CB79CF000F7FAF4 /* main.m */ = {isa = PBXFileReference; lastKnownFileType = sourcecode.c.objc; path = main.m; sourceTree = "<group>"; };
		25097C1B1CB79CF000F7FAF4 /* AppDelegate.h */ = {isa = PBXFileReference; lastKnownFileType = sourcecode.c.h; path = AppDelegate.h; sourceTree = "<group>"; };
		25097C1C1CB79CF000F7FAF4 /* AppDelegate.m */ = {isa = PBXFileReference; lastKnownFileType = sourcecode.c.objc; path = AppDelegate.m; sourceTree = "<group>"; };
		25097C1E1CB79CF000F7FAF4 /* ViewController.h */ = {isa = PBXFileReference; lastKnownFileType = sourcecode.c.h; path = ViewController.h; sourceTree = "<group>"; };
		25097C1F1CB79CF000F7FAF4 /* ViewController.m */ = {isa = PBXFileReference; lastKnownFileType = sourcecode.c.objc; path = ViewController.m; sourceTree = "<group>"; };
		25097C221CB79CF000F7FAF4 /* Base */ = {isa = PBXFileReference; lastKnownFileType = file.storyboard; name = Base; path = Base.lproj/Main.storyboard; sourceTree = "<group>"; };
		25097C241CB79CF000F7FAF4 /* Assets.xcassets */ = {isa = PBXFileReference; lastKnownFileType = folder.assetcatalog; path = Assets.xcassets; sourceTree = "<group>"; };
		25097C271CB79CF000F7FAF4 /* Base */ = {isa = PBXFileReference; lastKnownFileType = file.storyboard; name = Base; path = Base.lproj/LaunchScreen.storyboard; sourceTree = "<group>"; };
		25097C291CB79CF000F7FAF4 /* Info.plist */ = {isa = PBXFileReference; lastKnownFileType = text.plist.xml; path = Info.plist; sourceTree = "<group>"; };
		25097C2E1CB79CF000F7FAF4 /* HZProgressTests.xctest */ = {isa = PBXFileReference; explicitFileType = wrapper.cfbundle; includeInIndex = 0; path = HZProgressTests.xctest; sourceTree = BUILT_PRODUCTS_DIR; };
		25097C321CB79CF000F7FAF4 /* HZProgressTests.m */ = {isa = PBXFileReference; lastKnownFileType = sourcecode.c.objc; path = HZProgressTests.m; sourceTree = "<group>"; };
		25097C341CB79CF000F7FAF4 /* Info.plist */ = {isa = PBXFileReference; lastKnownFileType = text.plist.xml; path = Info.plist; sourceTree = "<group>"; };
		25097C391CB79CF000F7FAF4 /* HZProgressUITests.xctest */ = {isa = PBXFileReference; explicitFileType = wrapper.cfbundle; includeInIndex = 0; path = HZProgressUITests.xctest; sourceTree = BUILT_PRODUCTS_DIR; };
		25097C3D1CB79CF000F7FAF4 /* HZProgressUITests.m */ = {isa = PBXFileReference; lastKnownFileType = sourcecode.c.objc; path = HZProgressUITests.m; sourceTree = "<group>"; };
		25097C3F1CB79CF000F7FAF4 /* Info.plist */ = {isa = PBXFileReference; lastKnownFileType = text.plist.xml; path = Info.plist; sourceTree = "<group>"; };
		25097C4F1CB79D7300F7FAF4 /* MainViewController.h */ = {isa = PBXFileReference; fileEncoding = 4; lastKnownFileType = sourcecode.c.h; path = MainViewController.h; sourceTree = "<group>"; };
		25097C501CB79D7300F7FAF4 /* MainViewController.m */ = {isa = PBXFileReference; fileEncoding = 4; lastKnownFileType = sourcecode.c.objc; path = MainViewController.m; sourceTree = "<group>"; };
		25097C521CB79D7E00F7FAF4 /* Config.h */ = {isa = PBXFileReference; fileEncoding = 4; lastKnownFileType = sourcecode.c.h; path = Config.h; sourceTree = "<group>"; };
		25097C711CB7A5C000F7FAF4 /* UIView+UIViewUtils.h */ = {isa = PBXFileReference; fileEncoding = 4; lastKnownFileType = sourcecode.c.h; path = "UIView+UIViewUtils.h"; sourceTree = "<group>"; };
		25097C721CB7A5C000F7FAF4 /* UIView+Additions.m */ = {isa = PBXFileReference; fileEncoding = 4; lastKnownFileType = sourcecode.c.objc; path = "UIView+Additions.m"; sourceTree = "<group>"; };
		25097C731CB7A5C000F7FAF4 /* UIView+UIViewUtils.m */ = {isa = PBXFileReference; fileEncoding = 4; lastKnownFileType = sourcecode.c.objc; path = "UIView+UIViewUtils.m"; sourceTree = "<group>"; };
		25097C741CB7A5C000F7FAF4 /* UIView+Additions.h */ = {isa = PBXFileReference; fileEncoding = 4; lastKnownFileType = sourcecode.c.h; path = "UIView+Additions.h"; sourceTree = "<group>"; };
		25097C7B1CB7AD9200F7FAF4 /* ConfigManager.h */ = {isa = PBXFileReference; fileEncoding = 4; lastKnownFileType = sourcecode.c.h; path = ConfigManager.h; sourceTree = "<group>"; };
		25097C7C1CB7AD9200F7FAF4 /* ConfigManager.m */ = {isa = PBXFileReference; fileEncoding = 4; lastKnownFileType = sourcecode.c.objc; path = ConfigManager.m; sourceTree = "<group>"; };
		25097C7D1CB7AD9200F7FAF4 /* HZHttpHelper.h */ = {isa = PBXFileReference; fileEncoding = 4; lastKnownFileType = sourcecode.c.h; path = HZHttpHelper.h; sourceTree = "<group>"; };
		25097C7E1CB7AD9200F7FAF4 /* HZHttpHelper.m */ = {isa = PBXFileReference; fileEncoding = 4; lastKnownFileType = sourcecode.c.objc; path = HZHttpHelper.m; sourceTree = "<group>"; };
		25097C811CB7B41700F7FAF4 /* MBProgressHUD.bundle */ = {isa = PBXFileReference; lastKnownFileType = "wrapper.plug-in"; path = MBProgressHUD.bundle; sourceTree = "<group>"; };
		3EE379A63C324CBF564815AE /* Pods.debug.xcconfig */ = {isa = PBXFileReference; includeInIndex = 1; lastKnownFileType = text.xcconfig; name = Pods.debug.xcconfig; path = "Pods/Target Support Files/Pods/Pods.debug.xcconfig"; sourceTree = "<group>"; };
		D4D2DD211F6CFEFA3B0AAF54 /* Pods.release.xcconfig */ = {isa = PBXFileReference; includeInIndex = 1; lastKnownFileType = text.xcconfig; name = Pods.release.xcconfig; path = "Pods/Target Support Files/Pods/Pods.release.xcconfig"; sourceTree = "<group>"; };
		DE401C92CD8CA076CBC53592 /* libPods.a */ = {isa = PBXFileReference; explicitFileType = archive.ar; includeInIndex = 0; path = libPods.a; sourceTree = BUILT_PRODUCTS_DIR; };
/* End PBXFileReference section */

/* Begin PBXFrameworksBuildPhase section */
		25097C121CB79CF000F7FAF4 /* Frameworks */ = {
			isa = PBXFrameworksBuildPhase;
			buildActionMask = 2147483647;
			files = (
				F548FA18F978C2EF7310613F /* libPods.a in Frameworks */,
			);
			runOnlyForDeploymentPostprocessing = 0;
		};
		25097C2B1CB79CF000F7FAF4 /* Frameworks */ = {
			isa = PBXFrameworksBuildPhase;
			buildActionMask = 2147483647;
			files = (
			);
			runOnlyForDeploymentPostprocessing = 0;
		};
		25097C361CB79CF000F7FAF4 /* Frameworks */ = {
			isa = PBXFrameworksBuildPhase;
			buildActionMask = 2147483647;
			files = (
			);
			runOnlyForDeploymentPostprocessing = 0;
		};
/* End PBXFrameworksBuildPhase section */

/* Begin PBXGroup section */
		25097C0C1CB79CF000F7FAF4 = {
			isa = PBXGroup;
			children = (
				25097C171CB79CF000F7FAF4 /* HZProgress */,
				25097C311CB79CF000F7FAF4 /* HZProgressTests */,
				25097C3C1CB79CF000F7FAF4 /* HZProgressUITests */,
				25097C161CB79CF000F7FAF4 /* Products */,
				BDB0FFEF0496A77747290416 /* Pods */,
				FBA197E1FA379C1C27424A01 /* Frameworks */,
			);
			sourceTree = "<group>";
		};
		25097C161CB79CF000F7FAF4 /* Products */ = {
			isa = PBXGroup;
			children = (
				25097C151CB79CF000F7FAF4 /* HZProgress.app */,
				25097C2E1CB79CF000F7FAF4 /* HZProgressTests.xctest */,
				25097C391CB79CF000F7FAF4 /* HZProgressUITests.xctest */,
			);
			name = Products;
			sourceTree = "<group>";
		};
		25097C171CB79CF000F7FAF4 /* HZProgress */ = {
			isa = PBXGroup;
			children = (
				25097C771CB7AD2E00F7FAF4 /* Other */,
				25097C531CB79E2D00F7FAF4 /* ThirdParty */,
				25097C4E1CB79D4D00F7FAF4 /* CutomView */,
				25097C4C1CB79D3700F7FAF4 /* Main */,
				25097C4B1CB79D3200F7FAF4 /* Basic */,
				25097C241CB79CF000F7FAF4 /* Assets.xcassets */,
				25097C261CB79CF000F7FAF4 /* LaunchScreen.storyboard */,
				25097C291CB79CF000F7FAF4 /* Info.plist */,
				25097C181CB79CF000F7FAF4 /* Supporting Files */,
			);
			path = HZProgress;
			sourceTree = "<group>";
		};
		25097C181CB79CF000F7FAF4 /* Supporting Files */ = {
			isa = PBXGroup;
			children = (
				25097C191CB79CF000F7FAF4 /* main.m */,
			);
			name = "Supporting Files";
			sourceTree = "<group>";
		};
		25097C311CB79CF000F7FAF4 /* HZProgressTests */ = {
			isa = PBXGroup;
			children = (
				25097C321CB79CF000F7FAF4 /* HZProgressTests.m */,
				25097C341CB79CF000F7FAF4 /* Info.plist */,
			);
			path = HZProgressTests;
			sourceTree = "<group>";
		};
		25097C3C1CB79CF000F7FAF4 /* HZProgressUITests */ = {
			isa = PBXGroup;
			children = (
				25097C3D1CB79CF000F7FAF4 /* HZProgressUITests.m */,
				25097C3F1CB79CF000F7FAF4 /* Info.plist */,
			);
			path = HZProgressUITests;
			sourceTree = "<group>";
		};
		25097C4B1CB79D3200F7FAF4 /* Basic */ = {
			isa = PBXGroup;
			children = (
				25097C1B1CB79CF000F7FAF4 /* AppDelegate.h */,
				25097C1C1CB79CF000F7FAF4 /* AppDelegate.m */,
				25097C1E1CB79CF000F7FAF4 /* ViewController.h */,
				25097C1F1CB79CF000F7FAF4 /* ViewController.m */,
				25097C211CB79CF000F7FAF4 /* Main.storyboard */,
			);
			name = Basic;
			sourceTree = "<group>";
		};
		25097C4C1CB79D3700F7FAF4 /* Main */ = {
			isa = PBXGroup;
			children = (
				25097C4F1CB79D7300F7FAF4 /* MainViewController.h */,
				25097C501CB79D7300F7FAF4 /* MainViewController.m */,
			);
			name = Main;
			sourceTree = "<group>";
		};
		25097C4E1CB79D4D00F7FAF4 /* CutomView */ = {
			isa = PBXGroup;
			children = (
				25097C521CB79D7E00F7FAF4 /* Config.h */,
			);
			name = CutomView;
			sourceTree = "<group>";
		};
		25097C531CB79E2D00F7FAF4 /* ThirdParty */ = {
			isa = PBXGroup;
			children = (
				25097C811CB7B41700F7FAF4 /* MBProgressHUD.bundle */,
				25097C711CB7A5C000F7FAF4 /* UIView+UIViewUtils.h */,
				25097C731CB7A5C000F7FAF4 /* UIView+UIViewUtils.m */,
				25097C741CB7A5C000F7FAF4 /* UIView+Additions.h */,
				25097C721CB7A5C000F7FAF4 /* UIView+Additions.m */,
			);
			name = ThirdParty;
			sourceTree = "<group>";
		};
		25097C771CB7AD2E00F7FAF4 /* Other */ = {
			isa = PBXGroup;
			children = (
				25097C7B1CB7AD9200F7FAF4 /* ConfigManager.h */,
				25097C7C1CB7AD9200F7FAF4 /* ConfigManager.m */,
				25097C7D1CB7AD9200F7FAF4 /* HZHttpHelper.h */,
				25097C7E1CB7AD9200F7FAF4 /* HZHttpHelper.m */,
			);
			name = Other;
			sourceTree = "<group>";
		};
		BDB0FFEF0496A77747290416 /* Pods */ = {
			isa = PBXGroup;
			children = (
				3EE379A63C324CBF564815AE /* Pods.debug.xcconfig */,
				D4D2DD211F6CFEFA3B0AAF54 /* Pods.release.xcconfig */,
			);
			name = Pods;
			sourceTree = "<group>";
		};
		FBA197E1FA379C1C27424A01 /* Frameworks */ = {
			isa = PBXGroup;
			children = (
				DE401C92CD8CA076CBC53592 /* libPods.a */,
			);
			name = Frameworks;
			sourceTree = "<group>";
		};
/* End PBXGroup section */

/* Begin PBXNativeTarget section */
		25097C141CB79CF000F7FAF4 /* HZProgress */ = {
			isa = PBXNativeTarget;
			buildConfigurationList = 25097C421CB79CF000F7FAF4 /* Build configuration list for PBXNativeTarget "HZProgress" */;
			buildPhases = (
				69027244D518104F0A3C1172 /* Check Pods Manifest.lock */,
				25097C111CB79CF000F7FAF4 /* Sources */,
				25097C121CB79CF000F7FAF4 /* Frameworks */,
				25097C131CB79CF000F7FAF4 /* Resources */,
				AFE99CDDB67163C4AFF7D5B9 /* Embed Pods Frameworks */,
				78D53F5B221D5529285B2E3C /* Copy Pods Resources */,
			);
			buildRules = (
			);
			dependencies = (
			);
			name = HZProgress;
			productName = HZProgress;
			productReference = 25097C151CB79CF000F7FAF4 /* HZProgress.app */;
			productType = "com.apple.product-type.application";
		};
		25097C2D1CB79CF000F7FAF4 /* HZProgressTests */ = {
			isa = PBXNativeTarget;
			buildConfigurationList = 25097C451CB79CF000F7FAF4 /* Build configuration list for PBXNativeTarget "HZProgressTests" */;
			buildPhases = (
				25097C2A1CB79CF000F7FAF4 /* Sources */,
				25097C2B1CB79CF000F7FAF4 /* Frameworks */,
				25097C2C1CB79CF000F7FAF4 /* Resources */,
			);
			buildRules = (
			);
			dependencies = (
				25097C301CB79CF000F7FAF4 /* PBXTargetDependency */,
			);
			name = HZProgressTests;
			productName = HZProgressTests;
			productReference = 25097C2E1CB79CF000F7FAF4 /* HZProgressTests.xctest */;
			productType = "com.apple.product-type.bundle.unit-test";
		};
		25097C381CB79CF000F7FAF4 /* HZProgressUITests */ = {
			isa = PBXNativeTarget;
			buildConfigurationList = 25097C481CB79CF000F7FAF4 /* Build configuration list for PBXNativeTarget "HZProgressUITests" */;
			buildPhases = (
				25097C351CB79CF000F7FAF4 /* Sources */,
				25097C361CB79CF000F7FAF4 /* Frameworks */,
				25097C371CB79CF000F7FAF4 /* Resources */,
			);
			buildRules = (
			);
			dependencies = (
				25097C3B1CB79CF000F7FAF4 /* PBXTargetDependency */,
			);
			name = HZProgressUITests;
			productName = HZProgressUITests;
			productReference = 25097C391CB79CF000F7FAF4 /* HZProgressUITests.xctest */;
			productType = "com.apple.product-type.bundle.ui-testing";
		};
/* End PBXNativeTarget section */

/* Begin PBXProject section */
		25097C0D1CB79CF000F7FAF4 /* Project object */ = {
			isa = PBXProject;
			attributes = {
				LastUpgradeCheck = 0720;
				ORGANIZATIONNAME = "王会洲";
				TargetAttributes = {
					25097C141CB79CF000F7FAF4 = {
						CreatedOnToolsVersion = 7.2;
					};
					25097C2D1CB79CF000F7FAF4 = {
						CreatedOnToolsVersion = 7.2;
						TestTargetID = 25097C141CB79CF000F7FAF4;
					};
					25097C381CB79CF000F7FAF4 = {
						CreatedOnToolsVersion = 7.2;
						TestTargetID = 25097C141CB79CF000F7FAF4;
					};
				};
			};
			buildConfigurationList = 25097C101CB79CF000F7FAF4 /* Build configuration list for PBXProject "HZProgress" */;
			compatibilityVersion = "Xcode 3.2";
			developmentRegion = English;
			hasScannedForEncodings = 0;
			knownRegions = (
				en,
				Base,
			);
			mainGroup = 25097C0C1CB79CF000F7FAF4;
			productRefGroup = 25097C161CB79CF000F7FAF4 /* Products */;
			projectDirPath = "";
			projectRoot = "";
			targets = (
				25097C141CB79CF000F7FAF4 /* HZProgress */,
				25097C2D1CB79CF000F7FAF4 /* HZProgressTests */,
				25097C381CB79CF000F7FAF4 /* HZProgressUITests */,
			);
		};
/* End PBXProject section */

/* Begin PBXResourcesBuildPhase section */
		25097C131CB79CF000F7FAF4 /* Resources */ = {
			isa = PBXResourcesBuildPhase;
			buildActionMask = 2147483647;
			files = (
				25097C281CB79CF000F7FAF4 /* LaunchScreen.storyboard in Resources */,
				25097C821CB7B41700F7FAF4 /* MBProgressHUD.bundle in Resources */,
				25097C251CB79CF000F7FAF4 /* Assets.xcassets in Resources */,
				25097C231CB79CF000F7FAF4 /* Main.storyboard in Resources */,
			);
			runOnlyForDeploymentPostprocessing = 0;
		};
		25097C2C1CB79CF000F7FAF4 /* Resources */ = {
			isa = PBXResourcesBuildPhase;
			buildActionMask = 2147483647;
			files = (
			);
			runOnlyForDeploymentPostprocessing = 0;
		};
		25097C371CB79CF000F7FAF4 /* Resources */ = {
			isa = PBXResourcesBuildPhase;
			buildActionMask = 2147483647;
			files = (
			);
			runOnlyForDeploymentPostprocessing = 0;
		};
/* End PBXResourcesBuildPhase section */

/* Begin PBXShellScriptBuildPhase section */
		69027244D518104F0A3C1172 /* Check Pods Manifest.lock */ = {
			isa = PBXShellScriptBuildPhase;
			buildActionMask = 2147483647;
			files = (
			);
			inputPaths = (
			);
			name = "Check Pods Manifest.lock";
			outputPaths = (
			);
			runOnlyForDeploymentPostprocessing = 0;
			shellPath = /bin/sh;
			shellScript = "diff \"${PODS_ROOT}/../Podfile.lock\" \"${PODS_ROOT}/Manifest.lock\" > /dev/null\nif [[ $? != 0 ]] ; then\n    cat << EOM\nerror: The sandbox is not in sync with the Podfile.lock. Run 'pod install' or update your CocoaPods installation.\nEOM\n    exit 1\nfi\n";
			showEnvVarsInLog = 0;
		};
		78D53F5B221D5529285B2E3C /* Copy Pods Resources */ = {
			isa = PBXShellScriptBuildPhase;
			buildActionMask = 2147483647;
			files = (
			);
			inputPaths = (
			);
			name = "Copy Pods Resources";
			outputPaths = (
			);
			runOnlyForDeploymentPostprocessing = 0;
			shellPath = /bin/sh;
			shellScript = "\"${SRCROOT}/Pods/Target Support Files/Pods/Pods-resources.sh\"\n";
			showEnvVarsInLog = 0;
		};
		AFE99CDDB67163C4AFF7D5B9 /* Embed Pods Frameworks */ = {
			isa = PBXShellScriptBuildPhase;
			buildActionMask = 2147483647;
			files = (
			);
			inputPaths = (
			);
			name = "Embed Pods Frameworks";
			outputPaths = (
			);
			runOnlyForDeploymentPostprocessing = 0;
			shellPath = /bin/sh;
			shellScript = "\"${SRCROOT}/Pods/Target Support Files/Pods/Pods-frameworks.sh\"\n";
			showEnvVarsInLog = 0;
		};
/* End PBXShellScriptBuildPhase section */

/* Begin PBXSourcesBuildPhase section */
		25097C111CB79CF000F7FAF4 /* Sources */ = {
			isa = PBXSourcesBuildPhase;
			buildActionMask = 2147483647;
			files = (
				25097C761CB7A5C000F7FAF4 /* UIView+UIViewUtils.m in Sources */,
				25097C751CB7A5C000F7FAF4 /* UIView+Additions.m in Sources */,
				25097C7F1CB7AD9200F7FAF4 /* ConfigManager.m in Sources */,
				25097C801CB7AD9200F7FAF4 /* HZHttpHelper.m in Sources */,
				25097C201CB79CF000F7FAF4 /* ViewController.m in Sources */,
				25097C1D1CB79CF000F7FAF4 /* AppDelegate.m in Sources */,
				25097C1A1CB79CF000F7FAF4 /* main.m in Sources */,
				25097C511CB79D7300F7FAF4 /* MainViewController.m in Sources */,
			);
			runOnlyForDeploymentPostprocessing = 0;
		};
		25097C2A1CB79CF000F7FAF4 /* Sources */ = {
			isa = PBXSourcesBuildPhase;
			buildActionMask = 2147483647;
			files = (
				25097C331CB79CF000F7FAF4 /* HZProgressTests.m in Sources */,
			);
			runOnlyForDeploymentPostprocessing = 0;
		};
		25097C351CB79CF000F7FAF4 /* Sources */ = {
			isa = PBXSourcesBuildPhase;
			buildActionMask = 2147483647;
			files = (
				25097C3E1CB79CF000F7FAF4 /* HZProgressUITests.m in Sources */,
			);
			runOnlyForDeploymentPostprocessing = 0;
		};
/* End PBXSourcesBuildPhase section */

/* Begin PBXTargetDependency section */
		25097C301CB79CF000F7FAF4 /* PBXTargetDependency */ = {
			isa = PBXTargetDependency;
			target = 25097C141CB79CF000F7FAF4 /* HZProgress */;
			targetProxy = 25097C2F1CB79CF000F7FAF4 /* PBXContainerItemProxy */;
		};
		25097C3B1CB79CF000F7FAF4 /* PBXTargetDependency */ = {
			isa = PBXTargetDependency;
			target = 25097C141CB79CF000F7FAF4 /* HZProgress */;
			targetProxy = 25097C3A1CB79CF000F7FAF4 /* PBXContainerItemProxy */;
		};
/* End PBXTargetDependency section */

/* Begin PBXVariantGroup section */
		25097C211CB79CF000F7FAF4 /* Main.storyboard */ = {
			isa = PBXVariantGroup;
			children = (
				25097C221CB79CF000F7FAF4 /* Base */,
			);
			name = Main.storyboard;
			sourceTree = "<group>";
		};
		25097C261CB79CF000F7FAF4 /* LaunchScreen.storyboard */ = {
			isa = PBXVariantGroup;
			children = (
				25097C271CB79CF000F7FAF4 /* Base */,
			);
			name = LaunchScreen.storyboard;
			sourceTree = "<group>";
		};
/* End PBXVariantGroup section */

/* Begin XCBuildConfiguration section */
		25097C401CB79CF000F7FAF4 /* Debug */ = {
			isa = XCBuildConfiguration;
			buildSettings = {
				ALWAYS_SEARCH_USER_PATHS = NO;
				CLANG_CXX_LANGUAGE_STANDARD = "gnu++0x";
				CLANG_CXX_LIBRARY = "libc++";
				CLANG_ENABLE_MODULES = YES;
				CLANG_ENABLE_OBJC_ARC = YES;
				CLANG_WARN_BOOL_CONVERSION = YES;
				CLANG_WARN_CONSTANT_CONVERSION = YES;
				CLANG_WARN_DIRECT_OBJC_ISA_USAGE = YES_ERROR;
				CLANG_WARN_EMPTY_BODY = YES;
				CLANG_WARN_ENUM_CONVERSION = YES;
				CLANG_WARN_INT_CONVERSION = YES;
				CLANG_WARN_OBJC_ROOT_CLASS = YES_ERROR;
				CLANG_WARN_UNREACHABLE_CODE = YES;
				CLANG_WARN__DUPLICATE_METHOD_MATCH = YES;
				"CODE_SIGN_IDENTITY[sdk=iphoneos*]" = "iPhone Developer";
				COPY_PHASE_STRIP = NO;
				DEBUG_INFORMATION_FORMAT = dwarf;
				ENABLE_STRICT_OBJC_MSGSEND = YES;
				ENABLE_TESTABILITY = YES;
				GCC_C_LANGUAGE_STANDARD = gnu99;
				GCC_DYNAMIC_NO_PIC = NO;
				GCC_NO_COMMON_BLOCKS = YES;
				GCC_OPTIMIZATION_LEVEL = 0;
				GCC_PREPROCESSOR_DEFINITIONS = (
					"DEBUG=1",
					"$(inherited)",
				);
				GCC_WARN_64_TO_32_BIT_CONVERSION = YES;
				GCC_WARN_ABOUT_RETURN_TYPE = YES_ERROR;
				GCC_WARN_UNDECLARED_SELECTOR = YES;
				GCC_WARN_UNINITIALIZED_AUTOS = YES_AGGRESSIVE;
				GCC_WARN_UNUSED_FUNCTION = YES;
				GCC_WARN_UNUSED_VARIABLE = YES;
				IPHONEOS_DEPLOYMENT_TARGET = 9.2;
				MTL_ENABLE_DEBUG_INFO = YES;
				ONLY_ACTIVE_ARCH = YES;
				SDKROOT = iphoneos;
				TARGETED_DEVICE_FAMILY = "1,2";
			};
			name = Debug;
		};
		25097C411CB79CF000F7FAF4 /* Release */ = {
			isa = XCBuildConfiguration;
			buildSettings = {
				ALWAYS_SEARCH_USER_PATHS = NO;
				CLANG_CXX_LANGUAGE_STANDARD = "gnu++0x";
				CLANG_CXX_LIBRARY = "libc++";
				CLANG_ENABLE_MODULES = YES;
				CLANG_ENABLE_OBJC_ARC = YES;
				CLANG_WARN_BOOL_CONVERSION = YES;
				CLANG_WARN_CONSTANT_CONVERSION = YES;
				CLANG_WARN_DIRECT_OBJC_ISA_USAGE = YES_ERROR;
				CLANG_WARN_EMPTY_BODY = YES;
				CLANG_WARN_ENUM_CONVERSION = YES;
				CLANG_WARN_INT_CONVERSION = YES;
				CLANG_WARN_OBJC_ROOT_CLASS = YES_ERROR;
				CLANG_WARN_UNREACHABLE_CODE = YES;
				CLANG_WARN__DUPLICATE_METHOD_MATCH = YES;
				"CODE_SIGN_IDENTITY[sdk=iphoneos*]" = "iPhone Developer";
				COPY_PHASE_STRIP = NO;
				DEBUG_INFORMATION_FORMAT = "dwarf-with-dsym";
				ENABLE_NS_ASSERTIONS = NO;
				ENABLE_STRICT_OBJC_MSGSEND = YES;
				GCC_C_LANGUAGE_STANDARD = gnu99;
				GCC_NO_COMMON_BLOCKS = YES;
				GCC_WARN_64_TO_32_BIT_CONVERSION = YES;
				GCC_WARN_ABOUT_RETURN_TYPE = YES_ERROR;
				GCC_WARN_UNDECLARED_SELECTOR = YES;
				GCC_WARN_UNINITIALIZED_AUTOS = YES_AGGRESSIVE;
				GCC_WARN_UNUSED_FUNCTION = YES;
				GCC_WARN_UNUSED_VARIABLE = YES;
				IPHONEOS_DEPLOYMENT_TARGET = 9.2;
				MTL_ENABLE_DEBUG_INFO = NO;
				SDKROOT = iphoneos;
				TARGETED_DEVICE_FAMILY = "1,2";
				VALIDATE_PRODUCT = YES;
			};
			name = Release;
		};
		25097C431CB79CF000F7FAF4 /* Debug */ = {
			isa = XCBuildConfiguration;
			baseConfigurationReference = 3EE379A63C324CBF564815AE /* Pods.debug.xcconfig */;
			buildSettings = {
				ASSETCATALOG_COMPILER_APPICON_NAME = AppIcon;
				INFOPLIST_FILE = HZProgress/Info.plist;
				IPHONEOS_DEPLOYMENT_TARGET = 7.0;
				LD_RUNPATH_SEARCH_PATHS = "$(inherited) @executable_path/Frameworks";
				PRODUCT_BUNDLE_IDENTIFIER = com.uknower.HZProgress;
				PRODUCT_NAME = "$(TARGET_NAME)";
			};
			name = Debug;
		};
		25097C441CB79CF000F7FAF4 /* Release */ = {
			isa = XCBuildConfiguration;
			baseConfigurationReference = D4D2DD211F6CFEFA3B0AAF54 /* Pods.release.xcconfig */;
			buildSettings = {
				ASSETCATALOG_COMPILER_APPICON_NAME = AppIcon;
				INFOPLIST_FILE = HZProgress/Info.plist;
				IPHONEOS_DEPLOYMENT_TARGET = 7.0;
				LD_RUNPATH_SEARCH_PATHS = "$(inherited) @executable_path/Frameworks";
				PRODUCT_BUNDLE_IDENTIFIER = com.uknower.HZProgress;
				PRODUCT_NAME = "$(TARGET_NAME)";
			};
			name = Release;
		};
		25097C461CB79CF000F7FAF4 /* Debug */ = {
			isa = XCBuildConfiguration;
			buildSettings = {
				BUNDLE_LOADER = "$(TEST_HOST)";
				INFOPLIST_FILE = HZProgressTests/Info.plist;
				LD_RUNPATH_SEARCH_PATHS = "$(inherited) @executable_path/Frameworks @loader_path/Frameworks";
				PRODUCT_BUNDLE_IDENTIFIER = com.uknower.HZProgressTests;
				PRODUCT_NAME = "$(TARGET_NAME)";
				TEST_HOST = "$(BUILT_PRODUCTS_DIR)/HZProgress.app/HZProgress";
			};
			name = Debug;
		};
		25097C471CB79CF000F7FAF4 /* Release */ = {
			isa = XCBuildConfiguration;
			buildSettings = {
				BUNDLE_LOADER = "$(TEST_HOST)";
				INFOPLIST_FILE = HZProgressTests/Info.plist;
				LD_RUNPATH_SEARCH_PATHS = "$(inherited) @executable_path/Frameworks @loader_path/Frameworks";
				PRODUCT_BUNDLE_IDENTIFIER = com.uknower.HZProgressTests;
				PRODUCT_NAME = "$(TARGET_NAME)";
				TEST_HOST = "$(BUILT_PRODUCTS_DIR)/HZProgress.app/HZProgress";
			};
			name = Release;
		};
		25097C491CB79CF000F7FAF4 /* Debug */ = {
			isa = XCBuildConfiguration;
			buildSettings = {
				INFOPLIST_FILE = HZProgressUITests/Info.plist;
				LD_RUNPATH_SEARCH_PATHS = "$(inherited) @executable_path/Frameworks @loader_path/Frameworks";
				PRODUCT_BUNDLE_IDENTIFIER = com.uknower.HZProgressUITests;
				PRODUCT_NAME = "$(TARGET_NAME)";
				TEST_TARGET_NAME = HZProgress;
				USES_XCTRUNNER = YES;
			};
			name = Debug;
		};
		25097C4A1CB79CF000F7FAF4 /* Release */ = {
			isa = XCBuildConfiguration;
			buildSettings = {
				INFOPLIST_FILE = HZProgressUITests/Info.plist;
				LD_RUNPATH_SEARCH_PATHS = "$(inherited) @executable_path/Frameworks @loader_path/Frameworks";
				PRODUCT_BUNDLE_IDENTIFIER = com.uknower.HZProgressUITests;
				PRODUCT_NAME = "$(TARGET_NAME)";
				TEST_TARGET_NAME = HZProgress;
				USES_XCTRUNNER = YES;
			};
			name = Release;
		};
/* End XCBuildConfiguration section */

/* Begin XCConfigurationList section */
		25097C101CB79CF000F7FAF4 /* Build configuration list for PBXProject "HZProgress" */ = {
			isa = XCConfigurationList;
			buildConfigurations = (
				25097C401CB79CF000F7FAF4 /* Debug */,
				25097C411CB79CF000F7FAF4 /* Release */,
			);
			defaultConfigurationIsVisible = 0;
			defaultConfigurationName = Release;
		};
		25097C421CB79CF000F7FAF4 /* Build configuration list for PBXNativeTarget "HZProgress" */ = {
			isa = XCConfigurationList;
			buildConfigurations = (
				25097C431CB79CF000F7FAF4 /* Debug */,
				25097C441CB79CF000F7FAF4 /* Release */,
			);
			defaultConfigurationIsVisible = 0;
			defaultConfigurationName = Release;
		};
		25097C451CB79CF000F7FAF4 /* Build configuration list for PBXNativeTarget "HZProgressTests" */ = {
			isa = XCConfigurationList;
			buildConfigurations = (
				25097C461CB79CF000F7FAF4 /* Debug */,
				25097C471CB79CF000F7FAF4 /* Release */,
			);
			defaultConfigurationIsVisible = 0;
			defaultConfigurationName = Release;
		};
		25097C481CB79CF000F7FAF4 /* Build configuration list for PBXNativeTarget "HZProgressUITests" */ = {
			isa = XCConfigurationList;
			buildConfigurations = (
				25097C491CB79CF000F7FAF4 /* Debug */,
				25097C4A1CB79CF000F7FAF4 /* Release */,
			);
			defaultConfigurationIsVisible = 0;
			defaultConfigurationName = Release;
		};
/* End XCConfigurationList section */
	};
	rootObject = 25097C0D1CB79CF000F7FAF4 /* Project object */;
}
